
Microsoft Visual Studio Solution File, Format Version 12.00
# Visual Studio Version 17
VisualStudioVersion = 17.14.36414.22 d17.14
MinimumVisualStudioVersion = 10.0.40219.1
Project("{FAE04EC0-301F-11D3-BF4B-00C04F79EFBC}") = "eTickets", "eTickets\eTickets.csproj", "{A5386030-7ED4-4A8A-A110-96E20817E0BA}"
EndProject
Global
	GlobalSection(SolutionConfigurationPlatforms) = preSolution
		Debug|Any CPU = Debug|Any CPU
		Release|Any CPU = Release|Any CPU
	EndGlobalSection
	GlobalSection(ProjectConfigurationPlatforms) = postSolution
		{A5386030-7ED4-4A8A-A110-96E20817E0BA}.Debug|Any CPU.ActiveCfg = Debug|Any CPU
		{A5386030-7ED4-4A8A-A110-96E20817E0BA}.Debug|Any CPU.Build.0 = Debug|Any CPU
		{A5386030-7ED4-4A8A-A110-96E20817E0BA}.Release|Any CPU.ActiveCfg = Release|Any CPU
		{A5386030-7ED4-4A8A-A110-96E20817E0BA}.Release|Any CPU.Build.0 = Release|Any CPU
	EndGlobalSection
	GlobalSection(SolutionProperties) = preSolution
		HideSolutionNode = FALSE
	EndGlobalSection
	GlobalSection(ExtensibilityGlobals) = postSolution
		SolutionGuid = {5D2E4DF2-6468-4BD9-858A-1A21D0E93A71}
	EndGlobalSection
EndGlobal
